// !$*UTF8*$!
{
	archiveVersion = 1;
	classes = {
	};
	objectVersion = 46;
	objects = {

/* Begin PBXBuildFile section */
		0231B9A619F35F9B00DF8BBB /* ZBTableView.m in Sources */ = {isa = PBXBuildFile; fileRef = 0231B9A519F35F9B00DF8BBB /* ZBTableView.m */; };
		0240708B1A09124D00AD8379 /* ZBTableFetchView.m in Sources */ = {isa = PBXBuildFile; fileRef = 0240708A1A09124D00AD8379 /* ZBTableFetchView.m */; };
		02DFAD6919EE9C8C00AC8DA3 /* AppDelegate.m in Sources */ = {isa = PBXBuildFile; fileRef = 02DFAD6819EE9C8C00AC8DA3 /* AppDelegate.m */; };
		02DFAD6C19EE9C9400AC8DA3 /* ViewController.m in Sources */ = {isa = PBXBuildFile; fileRef = 02DFAD6B19EE9C9400AC8DA3 /* ViewController.m */; };
		02DFAD6E19EE9CA000AC8DA3 /* Images.xcassets in Resources */ = {isa = PBXBuildFile; fileRef = 02DFAD6D19EE9CA000AC8DA3 /* Images.xcassets */; };
		02DFAD7319EE9CD000AC8DA3 /* main.m in Sources */ = {isa = PBXBuildFile; fileRef = 02DFAD7119EE9CD000AC8DA3 /* main.m */; };
		02DFAD7F19EE9CF800AC8DA3 /* LaunchScreen.xib in Resources */ = {isa = PBXBuildFile; fileRef = 02DFAD7B19EE9CF800AC8DA3 /* LaunchScreen.xib */; };
		02DFAD8019EE9CF800AC8DA3 /* Main.storyboard in Resources */ = {isa = PBXBuildFile; fileRef = 02DFAD7D19EE9CF800AC8DA3 /* Main.storyboard */; };
/* End PBXBuildFile section */

/* Begin PBXFileReference section */
		0231B9A419F35F9B00DF8BBB /* ZBTableView.h */ = {isa = PBXFileReference; fileEncoding = 4; lastKnownFileType = sourcecode.c.h; path = ZBTableView.h; sourceTree = "<group>"; };
		0231B9A519F35F9B00DF8BBB /* ZBTableView.m */ = {isa = PBXFileReference; fileEncoding = 4; lastKnownFileType = sourcecode.c.objc; path = ZBTableView.m; sourceTree = "<group>"; };
		024070891A09124D00AD8379 /* ZBTableFetchView.h */ = {isa = PBXFileReference; fileEncoding = 4; lastKnownFileType = sourcecode.c.h; path = ZBTableFetchView.h; sourceTree = "<group>"; };
		0240708A1A09124D00AD8379 /* ZBTableFetchView.m */ = {isa = PBXFileReference; fileEncoding = 4; lastKnownFileType = sourcecode.c.objc; path = ZBTableFetchView.m; sourceTree = "<group>"; };
		02DFAD3E19EE9C0C00AC8DA3 /* ZBTableView.app */ = {isa = PBXFileReference; explicitFileType = wrapper.application; includeInIndex = 0; path = ZBTableView.app; sourceTree = BUILT_PRODUCTS_DIR; };
		02DFAD6719EE9C8C00AC8DA3 /* AppDelegate.h */ = {isa = PBXFileReference; fileEncoding = 4; lastKnownFileType = sourcecode.c.h; name = AppDelegate.h; path = ZBTableViewDemo/AppDelegate.h; sourceTree = SOURCE_ROOT; };
		02DFAD6819EE9C8C00AC8DA3 /* AppDelegate.m */ = {isa = PBXFileReference; fileEncoding = 4; lastKnownFileType = sourcecode.c.objc; name = AppDelegate.m; path = ZBTableViewDemo/AppDelegate.m; sourceTree = SOURCE_ROOT; };
		02DFAD6A19EE9C9400AC8DA3 /* ViewController.h */ = {isa = PBXFileReference; fileEncoding = 4; lastKnownFileType = sourcecode.c.h; name = ViewController.h; path = ZBTableViewDemo/ViewController.h; sourceTree = SOURCE_ROOT; };
		02DFAD6B19EE9C9400AC8DA3 /* ViewController.m */ = {isa = PBXFileReference; fileEncoding = 4; lastKnownFileType = sourcecode.c.objc; name = ViewController.m; path = ZBTableViewDemo/ViewController.m; sourceTree = SOURCE_ROOT; };
		02DFAD6D19EE9CA000AC8DA3 /* Images.xcassets */ = {isa = PBXFileReference; lastKnownFileType = folder.assetcatalog; name = Images.xcassets; path = ZBTableViewDemo/Images.xcassets; sourceTree = SOURCE_ROOT; };
		02DFAD7019EE9CD000AC8DA3 /* Info.plist */ = {isa = PBXFileReference; fileEncoding = 4; lastKnownFileType = text.plist.xml; name = Info.plist; path = ZBTableViewDemo/Info.plist; sourceTree = SOURCE_ROOT; };
		02DFAD7119EE9CD000AC8DA3 /* main.m */ = {isa = PBXFileReference; fileEncoding = 4; lastKnownFileType = sourcecode.c.objc; name = main.m; path = ZBTableViewDemo/main.m; sourceTree = SOURCE_ROOT; };
		02DFAD7C19EE9CF800AC8DA3 /* Base */ = {isa = PBXFileReference; lastKnownFileType = file.xib; name = Base; path = ZBTableViewDemo/Base.lproj/LaunchScreen.xib; sourceTree = SOURCE_ROOT; };
		02DFAD7E19EE9CF800AC8DA3 /* Base */ = {isa = PBXFileReference; lastKnownFileType = file.storyboard; name = Base; path = ZBTableViewDemo/Base.lproj/Main.storyboard; sourceTree = SOURCE_ROOT; };
/* End PBXFileReference section */

/* Begin PBXFrameworksBuildPhase section */
		02DFAD3B19EE9C0C00AC8DA3 /* Frameworks */ = {
			isa = PBXFrameworksBuildPhase;
			buildActionMask = 2147483647;
			files = (
			);
			runOnlyForDeploymentPostprocessing = 0;
		};
/* End PBXFrameworksBuildPhase section */

/* Begin PBXGroup section */
		02DFAD3519EE9C0C00AC8DA3 = {
			isa = PBXGroup;
			children = (
				02DFAD8219EE9EE900AC8DA3 /* ZBTableView */,
				02DFAD4019EE9C0C00AC8DA3 /* ZBTableViewDemo */,
				02DFAD3F19EE9C0C00AC8DA3 /* Products */,
			);
			sourceTree = "<group>";
		};
		02DFAD3F19EE9C0C00AC8DA3 /* Products */ = {
			isa = PBXGroup;
			children = (
				02DFAD3E19EE9C0C00AC8DA3 /* ZBTableView.app */,
			);
			name = Products;
			sourceTree = "<group>";
		};
		02DFAD4019EE9C0C00AC8DA3 /* ZBTableViewDemo */ = {
			isa = PBXGroup;
			children = (
				02DFAD6719EE9C8C00AC8DA3 /* AppDelegate.h */,
				02DFAD6819EE9C8C00AC8DA3 /* AppDelegate.m */,
				02DFAD6A19EE9C9400AC8DA3 /* ViewController.h */,
				02DFAD6B19EE9C9400AC8DA3 /* ViewController.m */,
				02DFAD6D19EE9CA000AC8DA3 /* Images.xcassets */,
				02DFAD7B19EE9CF800AC8DA3 /* LaunchScreen.xib */,
				02DFAD7D19EE9CF800AC8DA3 /* Main.storyboard */,
				02DFAD4119EE9C0C00AC8DA3 /* Supporting Files */,
			);
			name = ZBTableViewDemo;
			path = ZBTableView;
			sourceTree = "<group>";
		};
		02DFAD4119EE9C0C00AC8DA3 /* Supporting Files */ = {
			isa = PBXGroup;
			children = (
				02DFAD7019EE9CD000AC8DA3 /* Info.plist */,
				02DFAD7119EE9CD000AC8DA3 /* main.m */,
			);
			name = "Supporting Files";
			sourceTree = "<group>";
		};
		02DFAD8219EE9EE900AC8DA3 /* ZBTableView */ = {
			isa = PBXGroup;
			children = (
				0231B9A419F35F9B00DF8BBB /* ZBTableView.h */,
				0231B9A519F35F9B00DF8BBB /* ZBTableView.m */,
				024070891A09124D00AD8379 /* ZBTableFetchView.h */,
				0240708A1A09124D00AD8379 /* ZBTableFetchView.m */,
			);
			path = ZBTableView;
			sourceTree = "<group>";
		};
/* End PBXGroup section */

/* Begin PBXNativeTarget section */
		02DFAD3D19EE9C0C00AC8DA3 /* ZBTableView */ = {
			isa = PBXNativeTarget;
			buildConfigurationList = 02DFAD6119EE9C0C00AC8DA3 /* Build configuration list for PBXNativeTarget "ZBTableView" */;
			buildPhases = (
				02DFAD3A19EE9C0C00AC8DA3 /* Sources */,
				02DFAD3B19EE9C0C00AC8DA3 /* Frameworks */,
				02DFAD3C19EE9C0C00AC8DA3 /* Resources */,
			);
			buildRules = (
			);
			dependencies = (
			);
			name = ZBTableView;
			productName = ZBTableView;
			productReference = 02DFAD3E19EE9C0C00AC8DA3 /* ZBTableView.app */;
			productType = "com.apple.product-type.application";
		};
/* End PBXNativeTarget section */

/* Begin PBXProject section */
		02DFAD3619EE9C0C00AC8DA3 /* Project object */ = {
			isa = PBXProject;
			attributes = {
				LastUpgradeCheck = 0610;
				ORGANIZATIONNAME = zemyblue;
				TargetAttributes = {
					02DFAD3D19EE9C0C00AC8DA3 = {
						CreatedOnToolsVersion = 6.0.1;
					};
				};
			};
			buildConfigurationList = 02DFAD3919EE9C0C00AC8DA3 /* Build configuration list for PBXProject "ZBTableView" */;
			compatibilityVersion = "Xcode 3.2";
			developmentRegion = English;
			hasScannedForEncodings = 0;
			knownRegions = (
				en,
				Base,
			);
			mainGroup = 02DFAD3519EE9C0C00AC8DA3;
			productRefGroup = 02DFAD3F19EE9C0C00AC8DA3 /* Products */;
			projectDirPath = "";
			projectRoot = "";
			targets = (
				02DFAD3D19EE9C0C00AC8DA3 /* ZBTableView */,
			);
		};
/* End PBXProject section */

/* Begin PBXResourcesBuildPhase section */
		02DFAD3C19EE9C0C00AC8DA3 /* Resources */ = {
			isa = PBXResourcesBuildPhase;
			buildActionMask = 2147483647;
			files = (
				02DFAD6E19EE9CA000AC8DA3 /* Images.xcassets in Resources */,
				02DFAD7F19EE9CF800AC8DA3 /* LaunchScreen.xib in Resources */,
				02DFAD8019EE9CF800AC8DA3 /* Main.storyboard in Resources */,
			);
			runOnlyForDeploymentPostprocessing = 0;
		};
/* End PBXResourcesBuildPhase section */

/* Begin PBXSourcesBuildPhase section */
		02DFAD3A19EE9C0C00AC8DA3 /* Sources */ = {
			isa = PBXSourcesBuildPhase;
			buildActionMask = 2147483647;
			files = (
				0240708B1A09124D00AD8379 /* ZBTableFetchView.m in Sources */,
				02DFAD6919EE9C8C00AC8DA3 /* AppDelegate.m in Sources */,
				02DFAD7319EE9CD000AC8DA3 /* main.m in Sources */,
				02DFAD6C19EE9C9400AC8DA3 /* ViewController.m in Sources */,
				0231B9A619F35F9B00DF8BBB /* ZBTableView.m in Sources */,
			);
			runOnlyForDeploymentPostprocessing = 0;
		};
/* End PBXSourcesBuildPhase section */

/* Begin PBXVariantGroup section */
		02DFAD7B19EE9CF800AC8DA3 /* LaunchScreen.xib */ = {
			isa = PBXVariantGroup;
			children = (
				02DFAD7C19EE9CF800AC8DA3 /* Base */,
			);
			name = LaunchScreen.xib;
			sourceTree = "<group>";
		};
		02DFAD7D19EE9CF800AC8DA3 /* Main.storyboard */ = {
			isa = PBXVariantGroup;
			children = (
				02DFAD7E19EE9CF800AC8DA3 /* Base */,
			);
			name = Main.storyboard;
			sourceTree = "<group>";
		};
/* End PBXVariantGroup section */

/* Begin XCBuildConfiguration section */
		02DFAD5F19EE9C0C00AC8DA3 /* Debug */ = {
			isa = XCBuildConfiguration;
			buildSettings = {
				ALWAYS_SEARCH_USER_PATHS = NO;
				CLANG_CXX_LANGUAGE_STANDARD = "gnu++0x";
				CLANG_CXX_LIBRARY = "libc++";
				CLANG_ENABLE_MODULES = YES;
				CLANG_ENABLE_OBJC_ARC = YES;
				CLANG_WARN_BOOL_CONVERSION = YES;
				CLANG_WARN_CONSTANT_CONVERSION = YES;
				CLANG_WARN_DIRECT_OBJC_ISA_USAGE = YES_ERROR;
				CLANG_WARN_EMPTY_BODY = YES;
				CLANG_WARN_ENUM_CONVERSION = YES;
				CLANG_WARN_INT_CONVERSION = YES;
				CLANG_WARN_OBJC_ROOT_CLASS = YES_ERROR;
				CLANG_WARN_UNREACHABLE_CODE = YES;
				CLANG_WARN__DUPLICATE_METHOD_MATCH = YES;
				"CODE_SIGN_IDENTITY[sdk=iphoneos*]" = "iPhone Developer";
				COPY_PHASE_STRIP = NO;
				ENABLE_STRICT_OBJC_MSGSEND = YES;
				GCC_C_LANGUAGE_STANDARD = gnu99;
				GCC_DYNAMIC_NO_PIC = NO;
				GCC_OPTIMIZATION_LEVEL = 0;
				GCC_PREPROCESSOR_DEFINITIONS = (
					"DEBUG=1",
					"$(inherited)",
				);
				GCC_SYMBOLS_PRIVATE_EXTERN = NO;
				GCC_WARN_64_TO_32_BIT_CONVERSION = YES;
				GCC_WARN_ABOUT_RETURN_TYPE = YES_ERROR;
				GCC_WARN_UNDECLARED_SELECTOR = YES;
				GCC_WARN_UNINITIALIZED_AUTOS = YES_AGGRESSIVE;
				GCC_WARN_UNUSED_FUNCTION = YES;
				GCC_WARN_UNUSED_VARIABLE = YES;
				IPHONEOS_DEPLOYMENT_TARGET = 6.0;
				MTL_ENABLE_DEBUG_INFO = YES;
				ONLY_ACTIVE_ARCH = YES;
				SDKROOT = iphoneos;
			};
			name = Debug;
		};
		02DFAD6019EE9C0C00AC8DA3 /* Release */ = {
			isa = XCBuildConfiguration;
			buildSettings = {
				ALWAYS_SEARCH_USER_PATHS = NO;
				CLANG_CXX_LANGUAGE_STANDARD = "gnu++0x";
				CLANG_CXX_LIBRARY = "libc++";
				CLANG_ENABLE_MODULES = YES;
				CLANG_ENABLE_OBJC_ARC = YES;
				CLANG_WARN_BOOL_CONVERSION = YES;
				CLANG_WARN_CONSTANT_CONVERSION = YES;
				CLANG_WARN_DIRECT_OBJC_ISA_USAGE = YES_ERROR;
				CLANG_WARN_EMPTY_BODY = YES;
				CLANG_WARN_ENUM_CONVERSION = YES;
				CLANG_WARN_INT_CONVERSION = YES;
				CLANG_WARN_OBJC_ROOT_CLASS = YES_ERROR;
				CLANG_WARN_UNREACHABLE_CODE = YES;
				CLANG_WARN__DUPLICATE_METHOD_MATCH = YES;
				"CODE_SIGN_IDENTITY[sdk=iphoneos*]" = "iPhone Developer";
				COPY_PHASE_STRIP = YES;
				ENABLE_NS_ASSERTIONS = NO;
				ENABLE_STRICT_OBJC_MSGSEND = YES;
				GCC_C_LANGUAGE_STANDARD = gnu99;
				GCC_WARN_64_TO_32_BIT_CONVERSION = YES;
				GCC_WARN_ABOUT_RETURN_TYPE = YES_ERROR;
				GCC_WARN_UNDECLARED_SELECTOR = YES;
				GCC_WARN_UNINITIALIZED_AUTOS = YES_AGGRESSIVE;
				GCC_WARN_UNUSED_FUNCTION = YES;
				GCC_WARN_UNUSED_VARIABLE = YES;
				IPHONEOS_DEPLOYMENT_TARGET = 6.0;
				MTL_ENABLE_DEBUG_INFO = NO;
				SDKROOT = iphoneos;
				VALIDATE_PRODUCT = YES;
			};
			name = Release;
		};
		02DFAD6219EE9C0C00AC8DA3 /* Debug */ = {
			isa = XCBuildConfiguration;
			buildSettings = {
				ASSETCATALOG_COMPILER_APPICON_NAME = AppIcon;
				INFOPLIST_FILE = "$(SRCROOT)/ZBTableViewDemo/Info.plist";
				LD_RUNPATH_SEARCH_PATHS = "$(inherited) @executable_path/Frameworks";
				PRODUCT_NAME = "$(TARGET_NAME)";
			};
			name = Debug;
		};
		02DFAD6319EE9C0C00AC8DA3 /* Release */ = {
			isa = XCBuildConfiguration;
			buildSettings = {
				ASSETCATALOG_COMPILER_APPICON_NAME = AppIcon;
				INFOPLIST_FILE = "$(SRCROOT)/ZBTableViewDemo/Info.plist";
				LD_RUNPATH_SEARCH_PATHS = "$(inherited) @executable_path/Frameworks";
				PRODUCT_NAME = "$(TARGET_NAME)";
			};
			name = Release;
		};
/* End XCBuildConfiguration section */

/* Begin XCConfigurationList section */
		02DFAD3919EE9C0C00AC8DA3 /* Build configuration list for PBXProject "ZBTableView" */ = {
			isa = XCConfigurationList;
			buildConfigurations = (
				02DFAD5F19EE9C0C00AC8DA3 /* Debug */,
				02DFAD6019EE9C0C00AC8DA3 /* Release */,
			);
			defaultConfigurationIsVisible = 0;
			defaultConfigurationName = Release;
		};
		02DFAD6119EE9C0C00AC8DA3 /* Build configuration list for PBXNativeTarget "ZBTableView" */ = {
			isa = XCConfigurationList;
			buildConfigurations = (
				02DFAD6219EE9C0C00AC8DA3 /* Debug */,
				02DFAD6319EE9C0C00AC8DA3 /* Release */,
			);
			defaultConfigurationIsVisible = 0;
			defaultConfigurationName = Release;
		};
/* End XCConfigurationList section */
	};
	rootObject = 02DFAD3619EE9C0C00AC8DA3 /* Project object */;
}
